// !$*UTF8*$!
{
	archiveVersion = 1;
	classes = {
	};
	objectVersion = 50;
	objects = {

/* Begin PBXBuildFile section */
		8440B9FE2249DA5300076C68 /* AppDelegate.swift in Sources */ = {isa = PBXBuildFile; fileRef = 8440B9FD2249DA5300076C68 /* AppDelegate.swift */; };
		8440BA002249DA5300076C68 /* ViewController.swift in Sources */ = {isa = PBXBuildFile; fileRef = 8440B9FF2249DA5300076C68 /* ViewController.swift */; };
		8440BA032249DA5300076C68 /* Main.storyboard in Resources */ = {isa = PBXBuildFile; fileRef = 8440BA012249DA5300076C68 /* Main.storyboard */; };
		8440BA062249DA5300076C68 /* api_chart.xcdatamodeld in Sources */ = {isa = PBXBuildFile; fileRef = 8440BA042249DA5300076C68 /* api_chart.xcdatamodeld */; };
		8440BA082249DA5600076C68 /* Assets.xcassets in Resources */ = {isa = PBXBuildFile; fileRef = 8440BA072249DA5600076C68 /* Assets.xcassets */; };
		8440BA0B2249DA5600076C68 /* LaunchScreen.storyboard in Resources */ = {isa = PBXBuildFile; fileRef = 8440BA092249DA5600076C68 /* LaunchScreen.storyboard */; };
		84C236E42249E1B1000C307F /* Charts.framework in Frameworks */ = {isa = PBXBuildFile; fileRef = 84C236E32249E1B1000C307F /* Charts.framework */; };
		A4FC3F3FD3E487789277FD31 /* Pods_api_chart.framework in Frameworks */ = {isa = PBXBuildFile; fileRef = 96B58C8BCFEC2DCFBF78C91F /* Pods_api_chart.framework */; };
/* End PBXBuildFile section */

/* Begin PBXCopyFilesBuildPhase section */
		843A34C5224E0CDA00865697 /* Embed Frameworks */ = {
			isa = PBXCopyFilesBuildPhase;
			buildActionMask = 2147483647;
			dstPath = "";
			dstSubfolderSpec = 10;
			files = (
			);
			name = "Embed Frameworks";
			runOnlyForDeploymentPostprocessing = 0;
		};
/* End PBXCopyFilesBuildPhase section */

/* Begin PBXFileReference section */
		4AC94D9D891F10300C8B0ACB /* Pods-api-chart.debug.xcconfig */ = {isa = PBXFileReference; includeInIndex = 1; lastKnownFileType = text.xcconfig; name = "Pods-api-chart.debug.xcconfig"; path = "Target Support Files/Pods-api-chart/Pods-api-chart.debug.xcconfig"; sourceTree = "<group>"; };
		782183F3C09E0D179929280F /* Pods-api-chart.release.xcconfig */ = {isa = PBXFileReference; includeInIndex = 1; lastKnownFileType = text.xcconfig; name = "Pods-api-chart.release.xcconfig"; path = "Target Support Files/Pods-api-chart/Pods-api-chart.release.xcconfig"; sourceTree = "<group>"; };
		8440B9FA2249DA5300076C68 /* api-chart.app */ = {isa = PBXFileReference; explicitFileType = wrapper.application; includeInIndex = 0; path = "api-chart.app"; sourceTree = BUILT_PRODUCTS_DIR; };
		8440B9FD2249DA5300076C68 /* AppDelegate.swift */ = {isa = PBXFileReference; lastKnownFileType = sourcecode.swift; path = AppDelegate.swift; sourceTree = "<group>"; };
		8440B9FF2249DA5300076C68 /* ViewController.swift */ = {isa = PBXFileReference; lastKnownFileType = sourcecode.swift; path = ViewController.swift; sourceTree = "<group>"; };
		8440BA022249DA5300076C68 /* Base */ = {isa = PBXFileReference; lastKnownFileType = file.storyboard; name = Base; path = Base.lproj/Main.storyboard; sourceTree = "<group>"; };
		8440BA052249DA5300076C68 /* api_chart.xcdatamodel */ = {isa = PBXFileReference; lastKnownFileType = wrapper.xcdatamodel; path = api_chart.xcdatamodel; sourceTree = "<group>"; };
		8440BA072249DA5600076C68 /* Assets.xcassets */ = {isa = PBXFileReference; lastKnownFileType = folder.assetcatalog; path = Assets.xcassets; sourceTree = "<group>"; };
		8440BA0A2249DA5600076C68 /* Base */ = {isa = PBXFileReference; lastKnownFileType = file.storyboard; name = Base; path = Base.lproj/LaunchScreen.storyboard; sourceTree = "<group>"; };
		8440BA0C2249DA5600076C68 /* Info.plist */ = {isa = PBXFileReference; lastKnownFileType = text.plist.xml; path = Info.plist; sourceTree = "<group>"; };
		84C236E32249E1B1000C307F /* Charts.framework */ = {isa = PBXFileReference; explicitFileType = wrapper.framework; path = Charts.framework; sourceTree = BUILT_PRODUCTS_DIR; };
		96B58C8BCFEC2DCFBF78C91F /* Pods_api_chart.framework */ = {isa = PBXFileReference; explicitFileType = wrapper.framework; includeInIndex = 0; path = Pods_api_chart.framework; sourceTree = BUILT_PRODUCTS_DIR; };
/* End PBXFileReference section */

/* Begin PBXFrameworksBuildPhase section */
		8440B9F72249DA5300076C68 /* Frameworks */ = {
			isa = PBXFrameworksBuildPhase;
			buildActionMask = 2147483647;
			files = (
				84C236E42249E1B1000C307F /* Charts.framework in Frameworks */,
				A4FC3F3FD3E487789277FD31 /* Pods_api_chart.framework in Frameworks */,
			);
			runOnlyForDeploymentPostprocessing = 0;
		};
/* End PBXFrameworksBuildPhase section */

/* Begin PBXGroup section */
		3D556B1D626F65BFC3332DD3 /* Pods */ = {
			isa = PBXGroup;
			children = (
				4AC94D9D891F10300C8B0ACB /* Pods-api-chart.debug.xcconfig */,
				782183F3C09E0D179929280F /* Pods-api-chart.release.xcconfig */,
			);
			path = Pods;
			sourceTree = "<group>";
		};
		8440B9F12249DA5300076C68 = {
			isa = PBXGroup;
			children = (
				8440B9FC2249DA5300076C68 /* api-chart */,
				8440B9FB2249DA5300076C68 /* Products */,
				3D556B1D626F65BFC3332DD3 /* Pods */,
				F98AEAF5239C49B0E055EC9B /* Frameworks */,
			);
			sourceTree = "<group>";
		};
		8440B9FB2249DA5300076C68 /* Products */ = {
			isa = PBXGroup;
			children = (
				8440B9FA2249DA5300076C68 /* api-chart.app */,
			);
			name = Products;
			sourceTree = "<group>";
		};
		8440B9FC2249DA5300076C68 /* api-chart */ = {
			isa = PBXGroup;
			children = (
				8440B9FD2249DA5300076C68 /* AppDelegate.swift */,
				8440B9FF2249DA5300076C68 /* ViewController.swift */,
				8440BA012249DA5300076C68 /* Main.storyboard */,
				8440BA072249DA5600076C68 /* Assets.xcassets */,
				8440BA092249DA5600076C68 /* LaunchScreen.storyboard */,
				8440BA0C2249DA5600076C68 /* Info.plist */,
				8440BA042249DA5300076C68 /* api_chart.xcdatamodeld */,
			);
			path = "api-chart";
			sourceTree = "<group>";
		};
		F98AEAF5239C49B0E055EC9B /* Frameworks */ = {
			isa = PBXGroup;
			children = (
				84C236E32249E1B1000C307F /* Charts.framework */,
				96B58C8BCFEC2DCFBF78C91F /* Pods_api_chart.framework */,
			);
			name = Frameworks;
			sourceTree = "<group>";
		};
/* End PBXGroup section */

/* Begin PBXNativeTarget section */
		8440B9F92249DA5300076C68 /* api-chart */ = {
			isa = PBXNativeTarget;
			buildConfigurationList = 8440BA0F2249DA5600076C68 /* Build configuration list for PBXNativeTarget "api-chart" */;
			buildPhases = (
				E6D292B7B461B458748481CC /* [CP] Check Pods Manifest.lock */,
				8440B9F62249DA5300076C68 /* Sources */,
				8440B9F72249DA5300076C68 /* Frameworks */,
				8440B9F82249DA5300076C68 /* Resources */,
				CD960A49E1FD767069359B87 /* [CP] Embed Pods Frameworks */,
				843A34C5224E0CDA00865697 /* Embed Frameworks */,
			);
			buildRules = (
			);
			dependencies = (
			);
			name = "api-chart";
			productName = "api-chart";
			productReference = 8440B9FA2249DA5300076C68 /* api-chart.app */;
			productType = "com.apple.product-type.application";
		};
/* End PBXNativeTarget section */

/* Begin PBXProject section */
		8440B9F22249DA5300076C68 /* Project object */ = {
			isa = PBXProject;
			attributes = {
				LastSwiftUpdateCheck = 1010;
				LastUpgradeCheck = 1010;
				ORGANIZATIONNAME = th.ac.kmutnb.www;
				TargetAttributes = {
					8440B9F92249DA5300076C68 = {
						CreatedOnToolsVersion = 10.1;
					};
				};
			};
			buildConfigurationList = 8440B9F52249DA5300076C68 /* Build configuration list for PBXProject "api-chart" */;
			compatibilityVersion = "Xcode 9.3";
			developmentRegion = en;
			hasScannedForEncodings = 0;
			knownRegions = (
				en,
				Base,
			);
			mainGroup = 8440B9F12249DA5300076C68;
			productRefGroup = 8440B9FB2249DA5300076C68 /* Products */;
			projectDirPath = "";
			projectRoot = "";
			targets = (
				8440B9F92249DA5300076C68 /* api-chart */,
			);
		};
/* End PBXProject section */

/* Begin PBXResourcesBuildPhase section */
		8440B9F82249DA5300076C68 /* Resources */ = {
			isa = PBXResourcesBuildPhase;
			buildActionMask = 2147483647;
			files = (
				8440BA0B2249DA5600076C68 /* LaunchScreen.storyboard in Resources */,
				8440BA082249DA5600076C68 /* Assets.xcassets in Resources */,
				8440BA032249DA5300076C68 /* Main.storyboard in Resources */,
			);
			runOnlyForDeploymentPostprocessing = 0;
		};
/* End PBXResourcesBuildPhase section */

/* Begin PBXShellScriptBuildPhase section */
		CD960A49E1FD767069359B87 /* [CP] Embed Pods Frameworks */ = {
			isa = PBXShellScriptBuildPhase;
			buildActionMask = 2147483647;
			files = (
			);
			inputFileListPaths = (
			);
			inputPaths = (
				"${PODS_ROOT}/Target Support Files/Pods-api-chart/Pods-api-chart-frameworks.sh",
				"${BUILT_PRODUCTS_DIR}/Charts/Charts.framework",
				"${BUILT_PRODUCTS_DIR}/ChartsRealm/ChartsRealm.framework",
				"${BUILT_PRODUCTS_DIR}/Realm/Realm.framework",
				"${BUILT_PRODUCTS_DIR}/RealmSwift/RealmSwift.framework",
			);
			name = "[CP] Embed Pods Frameworks";
			outputFileListPaths = (
			);
			outputPaths = (
				"${TARGET_BUILD_DIR}/${FRAMEWORKS_FOLDER_PATH}/Charts.framework",
				"${TARGET_BUILD_DIR}/${FRAMEWORKS_FOLDER_PATH}/ChartsRealm.framework",
				"${TARGET_BUILD_DIR}/${FRAMEWORKS_FOLDER_PATH}/Realm.framework",
				"${TARGET_BUILD_DIR}/${FRAMEWORKS_FOLDER_PATH}/RealmSwift.framework",
			);
			runOnlyForDeploymentPostprocessing = 0;
			shellPath = /bin/sh;
			shellScript = "\"${PODS_ROOT}/Target Support Files/Pods-api-chart/Pods-api-chart-frameworks.sh\"\n";
			showEnvVarsInLog = 0;
		};
		E6D292B7B461B458748481CC /* [CP] Check Pods Manifest.lock */ = {
			isa = PBXShellScriptBuildPhase;
			buildActionMask = 2147483647;
			files = (
			);
			inputFileListPaths = (
			);
			inputPaths = (
				"${PODS_PODFILE_DIR_PATH}/Podfile.lock",
				"${PODS_ROOT}/Manifest.lock",
			);
			name = "[CP] Check Pods Manifest.lock";
			outputFileListPaths = (
			);
			outputPaths = (
				"$(DERIVED_FILE_DIR)/Pods-api-chart-checkManifestLockResult.txt",
			);
			runOnlyForDeploymentPostprocessing = 0;
			shellPath = /bin/sh;
			shellScript = "diff \"${PODS_PODFILE_DIR_PATH}/Podfile.lock\" \"${PODS_ROOT}/Manifest.lock\" > /dev/null\nif [ $? != 0 ] ; then\n    # print error to STDERR\n    echo \"error: The sandbox is not in sync with the Podfile.lock. Run 'pod install' or update your CocoaPods installation.\" >&2\n    exit 1\nfi\n# This output is used by Xcode 'outputs' to avoid re-running this script phase.\necho \"SUCCESS\" > \"${SCRIPT_OUTPUT_FILE_0}\"\n";
			showEnvVarsInLog = 0;
		};
/* End PBXShellScriptBuildPhase section */

/* Begin PBXSourcesBuildPhase section */
		8440B9F62249DA5300076C68 /* Sources */ = {
			isa = PBXSourcesBuildPhase;
			buildActionMask = 2147483647;
			files = (
				8440BA062249DA5300076C68 /* api_chart.xcdatamodeld in Sources */,
				8440BA002249DA5300076C68 /* ViewController.swift in Sources */,
				8440B9FE2249DA5300076C68 /* AppDelegate.swift in Sources */,
			);
			runOnlyForDeploymentPostprocessing = 0;
		};
/* End PBXSourcesBuildPhase section */

/* Begin PBXVariantGroup section */
		8440BA012249DA5300076C68 /* Main.storyboard */ = {
			isa = PBXVariantGroup;
			children = (
				8440BA022249DA5300076C68 /* Base */,
			);
			name = Main.storyboard;
			sourceTree = "<group>";
		};
		8440BA092249DA5600076C68 /* LaunchScreen.storyboard */ = {
			isa = PBXVariantGroup;
			children = (
				8440BA0A2249DA5600076C68 /* Base */,
			);
			name = LaunchScreen.storyboard;
			sourceTree = "<group>";
		};
/* End PBXVariantGroup section */

/* Begin XCBuildConfiguration section */
		8440BA0D2249DA5600076C68 /* Debug */ = {
			isa = XCBuildConfiguration;
			buildSettings = {
				ALWAYS_SEARCH_USER_PATHS = NO;
				CLANG_ANALYZER_NONNULL = YES;
				CLANG_ANALYZER_NUMBER_OBJECT_CONVERSION = YES_AGGRESSIVE;
				CLANG_CXX_LANGUAGE_STANDARD = "gnu++14";
				CLANG_CXX_LIBRARY = "libc++";
				CLANG_ENABLE_MODULES = YES;
				CLANG_ENABLE_OBJC_ARC = YES;
				CLANG_ENABLE_OBJC_WEAK = YES;
				CLANG_WARN_BLOCK_CAPTURE_AUTORELEASING = YES;
				CLANG_WARN_BOOL_CONVERSION = YES;
				CLANG_WARN_COMMA = YES;
				CLANG_WARN_CONSTANT_CONVERSION = YES;
				CLANG_WARN_DEPRECATED_OBJC_IMPLEMENTATIONS = YES;
				CLANG_WARN_DIRECT_OBJC_ISA_USAGE = YES_ERROR;
				CLANG_WARN_DOCUMENTATION_COMMENTS = YES;
				CLANG_WARN_EMPTY_BODY = YES;
				CLANG_WARN_ENUM_CONVERSION = YES;
				CLANG_WARN_INFINITE_RECURSION = YES;
				CLANG_WARN_INT_CONVERSION = YES;
				CLANG_WARN_NON_LITERAL_NULL_CONVERSION = YES;
				CLANG_WARN_OBJC_IMPLICIT_RETAIN_SELF = YES;
				CLANG_WARN_OBJC_LITERAL_CONVERSION = YES;
				CLANG_WARN_OBJC_ROOT_CLASS = YES_ERROR;
				CLANG_WARN_RANGE_LOOP_ANALYSIS = YES;
				CLANG_WARN_STRICT_PROTOTYPES = YES;
				CLANG_WARN_SUSPICIOUS_MOVE = YES;
				CLANG_WARN_UNGUARDED_AVAILABILITY = YES_AGGRESSIVE;
				CLANG_WARN_UNREACHABLE_CODE = YES;
				CLANG_WARN__DUPLICATE_METHOD_MATCH = YES;
				CODE_SIGN_IDENTITY = "iPhone Developer";
				COPY_PHASE_STRIP = NO;
				DEBUG_INFORMATION_FORMAT = dwarf;
				ENABLE_STRICT_OBJC_MSGSEND = YES;
				ENABLE_TESTABILITY = YES;
				GCC_C_LANGUAGE_STANDARD = gnu11;
				GCC_DYNAMIC_NO_PIC = NO;
				GCC_NO_COMMON_BLOCKS = YES;
				GCC_OPTIMIZATION_LEVEL = 0;
				GCC_PREPROCESSOR_DEFINITIONS = (
					"DEBUG=1",
					"$(inherited)",
				);
				GCC_WARN_64_TO_32_BIT_CONVERSION = YES;
				GCC_WARN_ABOUT_RETURN_TYPE = YES_ERROR;
				GCC_WARN_UNDECLARED_SELECTOR = YES;
				GCC_WARN_UNINITIALIZED_AUTOS = YES_AGGRESSIVE;
				GCC_WARN_UNUSED_FUNCTION = YES;
				GCC_WARN_UNUSED_VARIABLE = YES;
				IPHONEOS_DEPLOYMENT_TARGET = 12.1;
				MTL_ENABLE_DEBUG_INFO = INCLUDE_SOURCE;
				MTL_FAST_MATH = YES;
				ONLY_ACTIVE_ARCH = YES;
				SDKROOT = iphoneos;
				SWIFT_ACTIVE_COMPILATION_CONDITIONS = DEBUG;
				SWIFT_OPTIMIZATION_LEVEL = "-Onone";
			};
			name = Debug;
		};
		8440BA0E2249DA5600076C68 /* Release */ = {
			isa = XCBuildConfiguration;
			buildSettings = {
				ALWAYS_SEARCH_USER_PATHS = NO;
				CLANG_ANALYZER_NONNULL = YES;
				CLANG_ANALYZER_NUMBER_OBJECT_CONVERSION = YES_AGGRESSIVE;
				CLANG_CXX_LANGUAGE_STANDARD = "gnu++14";
				CLANG_CXX_LIBRARY = "libc++";
				CLANG_ENABLE_MODULES = YES;
				CLANG_ENABLE_OBJC_ARC = YES;
				CLANG_ENABLE_OBJC_WEAK = YES;
				CLANG_WARN_BLOCK_CAPTURE_AUTORELEASING = YES;
				CLANG_WARN_BOOL_CONVERSION = YES;
				CLANG_WARN_COMMA = YES;
				CLANG_WARN_CONSTANT_CONVERSION = YES;
				CLANG_WARN_DEPRECATED_OBJC_IMPLEMENTATIONS = YES;
				CLANG_WARN_DIRECT_OBJC_ISA_USAGE = YES_ERROR;
				CLANG_WARN_DOCUMENTATION_COMMENTS = YES;
				CLANG_WARN_EMPTY_BODY = YES;
				CLANG_WARN_ENUM_CONVERSION = YES;
				CLANG_WARN_INFINITE_RECURSION = YES;
				CLANG_WARN_INT_CONVERSION = YES;
				CLANG_WARN_NON_LITERAL_NULL_CONVERSION = YES;
				CLANG_WARN_OBJC_IMPLICIT_RETAIN_SELF = YES;
				CLANG_WARN_OBJC_LITERAL_CONVERSION = YES;
				CLANG_WARN_OBJC_ROOT_CLASS = YES_ERROR;
				CLANG_WARN_RANGE_LOOP_ANALYSIS = YES;
				CLANG_WARN_STRICT_PROTOTYPES = YES;
				CLANG_WARN_SUSPICIOUS_MOVE = YES;
				CLANG_WARN_UNGUARDED_AVAILABILITY = YES_AGGRESSIVE;
				CLANG_WARN_UNREACHABLE_CODE = YES;
				CLANG_WARN__DUPLICATE_METHOD_MATCH = YES;
				CODE_SIGN_IDENTITY = "iPhone Developer";
				COPY_PHASE_STRIP = NO;
				DEBUG_INFORMATION_FORMAT = "dwarf-with-dsym";
				ENABLE_NS_ASSERTIONS = NO;
				ENABLE_STRICT_OBJC_MSGSEND = YES;
				GCC_C_LANGUAGE_STANDARD = gnu11;
				GCC_NO_COMMON_BLOCKS = YES;
				GCC_WARN_64_TO_32_BIT_CONVERSION = YES;
				GCC_WARN_ABOUT_RETURN_TYPE = YES_ERROR;
				GCC_WARN_UNDECLARED_SELECTOR = YES;
				GCC_WARN_UNINITIALIZED_AUTOS = YES_AGGRESSIVE;
				GCC_WARN_UNUSED_FUNCTION = YES;
				GCC_WARN_UNUSED_VARIABLE = YES;
				IPHONEOS_DEPLOYMENT_TARGET = 12.1;
				MTL_ENABLE_DEBUG_INFO = NO;
				MTL_FAST_MATH = YES;
				SDKROOT = iphoneos;
				SWIFT_COMPILATION_MODE = wholemodule;
				SWIFT_OPTIMIZATION_LEVEL = "-O";
				VALIDATE_PRODUCT = YES;
			};
			name = Release;
		};
		8440BA102249DA5600076C68 /* Debug */ = {
			isa = XCBuildConfiguration;
			baseConfigurationReference = 4AC94D9D891F10300C8B0ACB /* Pods-api-chart.debug.xcconfig */;
			buildSettings = {
				ASSETCATALOG_COMPILER_APPICON_NAME = AppIcon;
				CODE_SIGN_STYLE = Automatic;
				DEVELOPMENT_TEAM = 7T7RHRHZAS;
				INFOPLIST_FILE = "api-chart/Info.plist";
				LD_RUNPATH_SEARCH_PATHS = (
					"$(inherited)",
					"@executable_path/Frameworks",
				);
				PRODUCT_BUNDLE_IDENTIFIER = "l3lcS-9.api-chart";
				PRODUCT_NAME = "$(TARGET_NAME)";
				SWIFT_VERSION = 4.2;
				TARGETED_DEVICE_FAMILY = "1,2";
			};
			name = Debug;
		};
		8440BA112249DA5600076C68 /* Release */ = {
			isa = XCBuildConfiguration;
			baseConfigurationReference = 782183F3C09E0D179929280F /* Pods-api-chart.release.xcconfig */;
			buildSettings = {
				ASSETCATALOG_COMPILER_APPICON_NAME = AppIcon;
				CODE_SIGN_STYLE = Automatic;
				DEVELOPMENT_TEAM = 7T7RHRHZAS;
				INFOPLIST_FILE = "api-chart/Info.plist";
				LD_RUNPATH_SEARCH_PATHS = (
					"$(inherited)",
					"@executable_path/Frameworks",
				);
				PRODUCT_BUNDLE_IDENTIFIER = "l3lcS-9.api-chart";
				PRODUCT_NAME = "$(TARGET_NAME)";
				SWIFT_VERSION = 4.2;
				TARGETED_DEVICE_FAMILY = "1,2";
			};
			name = Release;
		};
/* End XCBuildConfiguration section */

/* Begin XCConfigurationList section */
		8440B9F52249DA5300076C68 /* Build configuration list for PBXProject "api-chart" */ = {
			isa = XCConfigurationList;
			buildConfigurations = (
				8440BA0D2249DA5600076C68 /* Debug */,
				8440BA0E2249DA5600076C68 /* Release */,
			);
			defaultConfigurationIsVisible = 0;
			defaultConfigurationName = Release;
		};
		8440BA0F2249DA5600076C68 /* Build configuration list for PBXNativeTarget "api-chart" */ = {
			isa = XCConfigurationList;
			buildConfigurations = (
				8440BA102249DA5600076C68 /* Debug */,
				8440BA112249DA5600076C68 /* Release */,
			);
			defaultConfigurationIsVisible = 0;
			defaultConfigurationName = Release;
		};
/* End XCConfigurationList section */

/* Begin XCVersionGroup section */
		8440BA042249DA5300076C68 /* api_chart.xcdatamodeld */ = {
			isa = XCVersionGroup;
			children = (
				8440BA052249DA5300076C68 /* api_chart.xcdatamodel */,
			);
			currentVersion = 8440BA052249DA5300076C68 /* api_chart.xcdatamodel */;
			path = api_chart.xcdatamodeld;
			sourceTree = "<group>";
			versionGroupType = wrapper.xcdatamodel;
		};
/* End XCVersionGroup section */
	};
	rootObject = 8440B9F22249DA5300076C68 /* Project object */;
}
